
Microsoft Visual Studio Solution File, Format Version 12.00
# Visual Studio Version 16
VisualStudioVersion = 16.0.32228.343
MinimumVisualStudioVersion = 10.0.40219.1
Project("{FAE04EC0-301F-11D3-BF4B-00C04F79EFBC}") = "ProvaIngresso", "ProvaIngresso\ProvaIngresso.csproj", "{E16131A7-8AD2-475A-B165-C6DA815CD3C6}"
EndProject
Global
	GlobalSection(SolutionConfigurationPlatforms) = preSolution
		Debug|Any CPU = Debug|Any CPU
		Release|Any CPU = Release|Any CPU
	EndGlobalSection
	GlobalSection(ProjectConfigurationPlatforms) = postSolution
		{E16131A7-8AD2-475A-B165-C6DA815CD3C6}.Debug|Any CPU.ActiveCfg = Debug|Any CPU
		{E16131A7-8AD2-475A-B165-C6DA815CD3C6}.Debug|Any CPU.Build.0 = Debug|Any CPU
		{E16131A7-8AD2-475A-B165-C6DA815CD3C6}.Release|Any CPU.ActiveCfg = Release|Any CPU
		{E16131A7-8AD2-475A-B165-C6DA815CD3C6}.Release|Any CPU.Build.0 = Release|Any CPU
	EndGlobalSection
	GlobalSection(SolutionProperties) = preSolution
		HideSolutionNode = FALSE
	EndGlobalSection
	GlobalSection(ExtensibilityGlobals) = postSolution
		SolutionGuid = {02620F7C-4E09-4130-92F2-EA809F74AA7F}
	EndGlobalSection
EndGlobal
